// !$*UTF8*$!
{
	archiveVersion = 1;
	classes = {
	};
	objectVersion = 51;
	objects = {

/* Begin PBXBuildFile section */
		1B5B4F8BEAAE764563A1FF0B /* Pods_Eylet_EyletUITests.framework in Frameworks */ = {isa = PBXBuildFile; fileRef = FC5CB2E496DB65A9E4A21C44 /* Pods_Eylet_EyletUITests.framework */; };
		1CBACA9D40348535C815D9EF /* Pods_EyletTests.framework in Frameworks */ = {isa = PBXBuildFile; fileRef = 27D29C4810DB4DE43268D2FC /* Pods_EyletTests.framework */; };
		562FD319B2A7DF8C6B1BB4C8 /* Pods_Eylet.framework in Frameworks */ = {isa = PBXBuildFile; fileRef = 30B51FDDF1FA28F562792F8A /* Pods_Eylet.framework */; };
		76C3DE33241C1220001F24C9 /* ProfileViewController.swift in Sources */ = {isa = PBXBuildFile; fileRef = 76C3DE32241C1220001F24C9 /* ProfileViewController.swift */; };
		76C3DE35241C1675001F24C9 /* LikedViewController.swift in Sources */ = {isa = PBXBuildFile; fileRef = 76C3DE34241C1675001F24C9 /* LikedViewController.swift */; };
		76C3DE37241C23B2001F24C9 /* TableViewCell.swift in Sources */ = {isa = PBXBuildFile; fileRef = 76C3DE36241C23B2001F24C9 /* TableViewCell.swift */; };
		76C6B64123EE199100AD279B /* AppDelegate.swift in Sources */ = {isa = PBXBuildFile; fileRef = 76C6B64023EE199100AD279B /* AppDelegate.swift */; };
		76C6B64323EE199100AD279B /* SceneDelegate.swift in Sources */ = {isa = PBXBuildFile; fileRef = 76C6B64223EE199100AD279B /* SceneDelegate.swift */; };
		76C6B64523EE199100AD279B /* ViewController.swift in Sources */ = {isa = PBXBuildFile; fileRef = 76C6B64423EE199100AD279B /* ViewController.swift */; };
		76C6B64823EE199100AD279B /* Main.storyboard in Resources */ = {isa = PBXBuildFile; fileRef = 76C6B64623EE199100AD279B /* Main.storyboard */; };
		76C6B64A23EE199700AD279B /* Assets.xcassets in Resources */ = {isa = PBXBuildFile; fileRef = 76C6B64923EE199700AD279B /* Assets.xcassets */; };
		76C6B64D23EE199700AD279B /* LaunchScreen.storyboard in Resources */ = {isa = PBXBuildFile; fileRef = 76C6B64B23EE199700AD279B /* LaunchScreen.storyboard */; };
		76C6B65823EE199700AD279B /* EyletTests.swift in Sources */ = {isa = PBXBuildFile; fileRef = 76C6B65723EE199700AD279B /* EyletTests.swift */; };
		76C6B66323EE199700AD279B /* EyletUITests.swift in Sources */ = {isa = PBXBuildFile; fileRef = 76C6B66223EE199700AD279B /* EyletUITests.swift */; };
		76C6B67223EF389900AD279B /* SwipCardsDataSource.swift in Sources */ = {isa = PBXBuildFile; fileRef = 76C6B67123EF389900AD279B /* SwipCardsDataSource.swift */; };
		76C6B67623EF38E000AD279B /* CardsDataModel.swift in Sources */ = {isa = PBXBuildFile; fileRef = 76C6B67523EF38E000AD279B /* CardsDataModel.swift */; };
		76C6B67A23EF391400AD279B /* SwipeCardView.swift in Sources */ = {isa = PBXBuildFile; fileRef = 76C6B67923EF391400AD279B /* SwipeCardView.swift */; };
		76C6B67C23EF392500AD279B /* StackContainterView.swift in Sources */ = {isa = PBXBuildFile; fileRef = 76C6B67B23EF392500AD279B /* StackContainterView.swift */; };
		76D08E51240199B800529F93 /* CommonFunctions.swift in Sources */ = {isa = PBXBuildFile; fileRef = 76D08E50240199B800529F93 /* CommonFunctions.swift */; };
/* End PBXBuildFile section */

/* Begin PBXContainerItemProxy section */
		76C6B65423EE199700AD279B /* PBXContainerItemProxy */ = {
			isa = PBXContainerItemProxy;
			containerPortal = 76C6B63523EE199100AD279B /* Project object */;
			proxyType = 1;
			remoteGlobalIDString = 76C6B63C23EE199100AD279B;
			remoteInfo = Eylet;
		};
		76C6B65F23EE199700AD279B /* PBXContainerItemProxy */ = {
			isa = PBXContainerItemProxy;
			containerPortal = 76C6B63523EE199100AD279B /* Project object */;
			proxyType = 1;
			remoteGlobalIDString = 76C6B63C23EE199100AD279B;
			remoteInfo = Eylet;
		};
/* End PBXContainerItemProxy section */

/* Begin PBXFileReference section */
		01B2E62F71284F891315EE42 /* Pods-Eylet-EyletUITests.release.xcconfig */ = {isa = PBXFileReference; includeInIndex = 1; lastKnownFileType = text.xcconfig; name = "Pods-Eylet-EyletUITests.release.xcconfig"; path = "Target Support Files/Pods-Eylet-EyletUITests/Pods-Eylet-EyletUITests.release.xcconfig"; sourceTree = "<group>"; };
		27D29C4810DB4DE43268D2FC /* Pods_EyletTests.framework */ = {isa = PBXFileReference; explicitFileType = wrapper.framework; includeInIndex = 0; path = Pods_EyletTests.framework; sourceTree = BUILT_PRODUCTS_DIR; };
		30B51FDDF1FA28F562792F8A /* Pods_Eylet.framework */ = {isa = PBXFileReference; explicitFileType = wrapper.framework; includeInIndex = 0; path = Pods_Eylet.framework; sourceTree = BUILT_PRODUCTS_DIR; };
		36F859806D66F55269165AE0 /* Pods-Eylet.release.xcconfig */ = {isa = PBXFileReference; includeInIndex = 1; lastKnownFileType = text.xcconfig; name = "Pods-Eylet.release.xcconfig"; path = "Target Support Files/Pods-Eylet/Pods-Eylet.release.xcconfig"; sourceTree = "<group>"; };
		39C1CC4C9F25CD21A60C1C4A /* Pods-EyletTests.debug.xcconfig */ = {isa = PBXFileReference; includeInIndex = 1; lastKnownFileType = text.xcconfig; name = "Pods-EyletTests.debug.xcconfig"; path = "Target Support Files/Pods-EyletTests/Pods-EyletTests.debug.xcconfig"; sourceTree = "<group>"; };
		565477E794FD24518B285EC1 /* Pods-EyletTests.release.xcconfig */ = {isa = PBXFileReference; includeInIndex = 1; lastKnownFileType = text.xcconfig; name = "Pods-EyletTests.release.xcconfig"; path = "Target Support Files/Pods-EyletTests/Pods-EyletTests.release.xcconfig"; sourceTree = "<group>"; };
		76C3DE32241C1220001F24C9 /* ProfileViewController.swift */ = {isa = PBXFileReference; lastKnownFileType = sourcecode.swift; path = ProfileViewController.swift; sourceTree = "<group>"; };
		76C3DE34241C1675001F24C9 /* LikedViewController.swift */ = {isa = PBXFileReference; lastKnownFileType = sourcecode.swift; path = LikedViewController.swift; sourceTree = "<group>"; };
		76C3DE36241C23B2001F24C9 /* TableViewCell.swift */ = {isa = PBXFileReference; lastKnownFileType = sourcecode.swift; path = TableViewCell.swift; sourceTree = "<group>"; };
		76C6B63D23EE199100AD279B /* Eylet.app */ = {isa = PBXFileReference; explicitFileType = wrapper.application; includeInIndex = 0; path = Eylet.app; sourceTree = BUILT_PRODUCTS_DIR; };
		76C6B64023EE199100AD279B /* AppDelegate.swift */ = {isa = PBXFileReference; lastKnownFileType = sourcecode.swift; path = AppDelegate.swift; sourceTree = "<group>"; };
		76C6B64223EE199100AD279B /* SceneDelegate.swift */ = {isa = PBXFileReference; lastKnownFileType = sourcecode.swift; path = SceneDelegate.swift; sourceTree = "<group>"; };
		76C6B64423EE199100AD279B /* ViewController.swift */ = {isa = PBXFileReference; lastKnownFileType = sourcecode.swift; path = ViewController.swift; sourceTree = "<group>"; };
		76C6B64723EE199100AD279B /* Base */ = {isa = PBXFileReference; lastKnownFileType = file.storyboard; name = Base; path = Base.lproj/Main.storyboard; sourceTree = "<group>"; };
		76C6B64923EE199700AD279B /* Assets.xcassets */ = {isa = PBXFileReference; lastKnownFileType = folder.assetcatalog; path = Assets.xcassets; sourceTree = "<group>"; };
		76C6B64C23EE199700AD279B /* Base */ = {isa = PBXFileReference; lastKnownFileType = file.storyboard; name = Base; path = Base.lproj/LaunchScreen.storyboard; sourceTree = "<group>"; };
		76C6B64E23EE199700AD279B /* Info.plist */ = {isa = PBXFileReference; lastKnownFileType = text.plist.xml; path = Info.plist; sourceTree = "<group>"; };
		76C6B65323EE199700AD279B /* EyletTests.xctest */ = {isa = PBXFileReference; explicitFileType = wrapper.cfbundle; includeInIndex = 0; path = EyletTests.xctest; sourceTree = BUILT_PRODUCTS_DIR; };
		76C6B65723EE199700AD279B /* EyletTests.swift */ = {isa = PBXFileReference; lastKnownFileType = sourcecode.swift; path = EyletTests.swift; sourceTree = "<group>"; };
		76C6B65923EE199700AD279B /* Info.plist */ = {isa = PBXFileReference; lastKnownFileType = text.plist.xml; path = Info.plist; sourceTree = "<group>"; };
		76C6B65E23EE199700AD279B /* EyletUITests.xctest */ = {isa = PBXFileReference; explicitFileType = wrapper.cfbundle; includeInIndex = 0; path = EyletUITests.xctest; sourceTree = BUILT_PRODUCTS_DIR; };
		76C6B66223EE199700AD279B /* EyletUITests.swift */ = {isa = PBXFileReference; lastKnownFileType = sourcecode.swift; path = EyletUITests.swift; sourceTree = "<group>"; };
		76C6B66423EE199700AD279B /* Info.plist */ = {isa = PBXFileReference; lastKnownFileType = text.plist.xml; path = Info.plist; sourceTree = "<group>"; };
		76C6B67123EF389900AD279B /* SwipCardsDataSource.swift */ = {isa = PBXFileReference; lastKnownFileType = sourcecode.swift; path = SwipCardsDataSource.swift; sourceTree = "<group>"; };
		76C6B67523EF38E000AD279B /* CardsDataModel.swift */ = {isa = PBXFileReference; lastKnownFileType = sourcecode.swift; path = CardsDataModel.swift; sourceTree = "<group>"; };
		76C6B67923EF391400AD279B /* SwipeCardView.swift */ = {isa = PBXFileReference; lastKnownFileType = sourcecode.swift; path = SwipeCardView.swift; sourceTree = "<group>"; };
		76C6B67B23EF392500AD279B /* StackContainterView.swift */ = {isa = PBXFileReference; lastKnownFileType = sourcecode.swift; path = StackContainterView.swift; sourceTree = "<group>"; };
		76D08E50240199B800529F93 /* CommonFunctions.swift */ = {isa = PBXFileReference; lastKnownFileType = sourcecode.swift; path = CommonFunctions.swift; sourceTree = "<group>"; };
		991A49E4476EF36E6425D9C3 /* Pods-Eylet.debug.xcconfig */ = {isa = PBXFileReference; includeInIndex = 1; lastKnownFileType = text.xcconfig; name = "Pods-Eylet.debug.xcconfig"; path = "Target Support Files/Pods-Eylet/Pods-Eylet.debug.xcconfig"; sourceTree = "<group>"; };
		A4C1E201CA8E5189E0F36247 /* Pods-Eylet-EyletUITests.debug.xcconfig */ = {isa = PBXFileReference; includeInIndex = 1; lastKnownFileType = text.xcconfig; name = "Pods-Eylet-EyletUITests.debug.xcconfig"; path = "Target Support Files/Pods-Eylet-EyletUITests/Pods-Eylet-EyletUITests.debug.xcconfig"; sourceTree = "<group>"; };
		FC5CB2E496DB65A9E4A21C44 /* Pods_Eylet_EyletUITests.framework */ = {isa = PBXFileReference; explicitFileType = wrapper.framework; includeInIndex = 0; path = Pods_Eylet_EyletUITests.framework; sourceTree = BUILT_PRODUCTS_DIR; };
/* End PBXFileReference section */

/* Begin PBXFrameworksBuildPhase section */
		76C6B63A23EE199100AD279B /* Frameworks */ = {
			isa = PBXFrameworksBuildPhase;
			buildActionMask = 2147483647;
			files = (
				562FD319B2A7DF8C6B1BB4C8 /* Pods_Eylet.framework in Frameworks */,
			);
			runOnlyForDeploymentPostprocessing = 0;
		};
		76C6B65023EE199700AD279B /* Frameworks */ = {
			isa = PBXFrameworksBuildPhase;
			buildActionMask = 2147483647;
			files = (
				1CBACA9D40348535C815D9EF /* Pods_EyletTests.framework in Frameworks */,
			);
			runOnlyForDeploymentPostprocessing = 0;
		};
		76C6B65B23EE199700AD279B /* Frameworks */ = {
			isa = PBXFrameworksBuildPhase;
			buildActionMask = 2147483647;
			files = (
				1B5B4F8BEAAE764563A1FF0B /* Pods_Eylet_EyletUITests.framework in Frameworks */,
			);
			runOnlyForDeploymentPostprocessing = 0;
		};
/* End PBXFrameworksBuildPhase section */

/* Begin PBXGroup section */
		5A503CD3A7875C3F673BF812 /* Pods */ = {
			isa = PBXGroup;
			children = (
				991A49E4476EF36E6425D9C3 /* Pods-Eylet.debug.xcconfig */,
				36F859806D66F55269165AE0 /* Pods-Eylet.release.xcconfig */,
				A4C1E201CA8E5189E0F36247 /* Pods-Eylet-EyletUITests.debug.xcconfig */,
				01B2E62F71284F891315EE42 /* Pods-Eylet-EyletUITests.release.xcconfig */,
				39C1CC4C9F25CD21A60C1C4A /* Pods-EyletTests.debug.xcconfig */,
				565477E794FD24518B285EC1 /* Pods-EyletTests.release.xcconfig */,
			);
			path = Pods;
			sourceTree = "<group>";
		};
		7268DD94CF21C1DE368D3A60 /* Frameworks */ = {
			isa = PBXGroup;
			children = (
				30B51FDDF1FA28F562792F8A /* Pods_Eylet.framework */,
				FC5CB2E496DB65A9E4A21C44 /* Pods_Eylet_EyletUITests.framework */,
				27D29C4810DB4DE43268D2FC /* Pods_EyletTests.framework */,
			);
			name = Frameworks;
			sourceTree = "<group>";
		};
		76C6B63423EE199100AD279B = {
			isa = PBXGroup;
			children = (
				76C6B63F23EE199100AD279B /* Eylet */,
				76C6B65623EE199700AD279B /* EyletTests */,
				76C6B66123EE199700AD279B /* EyletUITests */,
				76C6B63E23EE199100AD279B /* Products */,
				5A503CD3A7875C3F673BF812 /* Pods */,
				7268DD94CF21C1DE368D3A60 /* Frameworks */,
			);
			sourceTree = "<group>";
		};
		76C6B63E23EE199100AD279B /* Products */ = {
			isa = PBXGroup;
			children = (
				76C6B63D23EE199100AD279B /* Eylet.app */,
				76C6B65323EE199700AD279B /* EyletTests.xctest */,
				76C6B65E23EE199700AD279B /* EyletUITests.xctest */,
			);
			name = Products;
			sourceTree = "<group>";
		};
		76C6B63F23EE199100AD279B /* Eylet */ = {
			isa = PBXGroup;
			children = (
				76C6B67023EF388200AD279B /* Utils */,
				76C6B67323EF38A700AD279B /* Model */,
				76C6B67823EF38FD00AD279B /* Views */,
				76C6B67423EF38B100AD279B /* Controllers */,
				76C6B64023EE199100AD279B /* AppDelegate.swift */,
				76C6B64223EE199100AD279B /* SceneDelegate.swift */,
				76C6B64623EE199100AD279B /* Main.storyboard */,
				76C6B64923EE199700AD279B /* Assets.xcassets */,
				76C6B64B23EE199700AD279B /* LaunchScreen.storyboard */,
				76C6B64E23EE199700AD279B /* Info.plist */,
			);
			path = Eylet;
			sourceTree = "<group>";
		};
		76C6B65623EE199700AD279B /* EyletTests */ = {
			isa = PBXGroup;
			children = (
				76C6B65723EE199700AD279B /* EyletTests.swift */,
				76C6B65923EE199700AD279B /* Info.plist */,
			);
			path = EyletTests;
			sourceTree = "<group>";
		};
		76C6B66123EE199700AD279B /* EyletUITests */ = {
			isa = PBXGroup;
			children = (
				76C6B66223EE199700AD279B /* EyletUITests.swift */,
				76C6B66423EE199700AD279B /* Info.plist */,
			);
			path = EyletUITests;
			sourceTree = "<group>";
		};
		76C6B67023EF388200AD279B /* Utils */ = {
			isa = PBXGroup;
			children = (
				76C6B67123EF389900AD279B /* SwipCardsDataSource.swift */,
				76D08E50240199B800529F93 /* CommonFunctions.swift */,
			);
			path = Utils;
			sourceTree = "<group>";
		};
		76C6B67323EF38A700AD279B /* Model */ = {
			isa = PBXGroup;
			children = (
				76C6B67523EF38E000AD279B /* CardsDataModel.swift */,
			);
			path = Model;
			sourceTree = "<group>";
		};
		76C6B67423EF38B100AD279B /* Controllers */ = {
			isa = PBXGroup;
			children = (
				76C6B64423EE199100AD279B /* ViewController.swift */,
				76C3DE32241C1220001F24C9 /* ProfileViewController.swift */,
				76C3DE34241C1675001F24C9 /* LikedViewController.swift */,
			);
			path = Controllers;
			sourceTree = "<group>";
		};
		76C6B67823EF38FD00AD279B /* Views */ = {
			isa = PBXGroup;
			children = (
				76C6B67923EF391400AD279B /* SwipeCardView.swift */,
				76C6B67B23EF392500AD279B /* StackContainterView.swift */,
				76C3DE36241C23B2001F24C9 /* TableViewCell.swift */,
			);
			path = Views;
			sourceTree = "<group>";
		};
/* End PBXGroup section */

/* Begin PBXNativeTarget section */
		76C6B63C23EE199100AD279B /* Eylet */ = {
			isa = PBXNativeTarget;
			buildConfigurationList = 76C6B66723EE199700AD279B /* Build configuration list for PBXNativeTarget "Eylet" */;
			buildPhases = (
				9DCB1FDB46C1993C1CB6D799 /* [CP] Check Pods Manifest.lock */,
				76C6B63923EE199100AD279B /* Sources */,
				76C6B63A23EE199100AD279B /* Frameworks */,
				76C6B63B23EE199100AD279B /* Resources */,
				40D8658231329C04A5C6F992 /* [CP] Embed Pods Frameworks */,
			);
			buildRules = (
			);
			dependencies = (
			);
			name = Eylet;
			productName = Eylet;
			productReference = 76C6B63D23EE199100AD279B /* Eylet.app */;
			productType = "com.apple.product-type.application";
		};
		76C6B65223EE199700AD279B /* EyletTests */ = {
			isa = PBXNativeTarget;
			buildConfigurationList = 76C6B66A23EE199700AD279B /* Build configuration list for PBXNativeTarget "EyletTests" */;
			buildPhases = (
				9743A2C8B564765ADFA776B5 /* [CP] Check Pods Manifest.lock */,
				76C6B64F23EE199700AD279B /* Sources */,
				76C6B65023EE199700AD279B /* Frameworks */,
				76C6B65123EE199700AD279B /* Resources */,
			);
			buildRules = (
			);
			dependencies = (
				76C6B65523EE199700AD279B /* PBXTargetDependency */,
			);
			name = EyletTests;
			productName = EyletTests;
			productReference = 76C6B65323EE199700AD279B /* EyletTests.xctest */;
			productType = "com.apple.product-type.bundle.unit-test";
		};
		76C6B65D23EE199700AD279B /* EyletUITests */ = {
			isa = PBXNativeTarget;
			buildConfigurationList = 76C6B66D23EE199700AD279B /* Build configuration list for PBXNativeTarget "EyletUITests" */;
			buildPhases = (
				FAE9E7A5473626B643C3C343 /* [CP] Check Pods Manifest.lock */,
				76C6B65A23EE199700AD279B /* Sources */,
				76C6B65B23EE199700AD279B /* Frameworks */,
				76C6B65C23EE199700AD279B /* Resources */,
				780BA3C3746D7DB4D4C5C4CB /* [CP] Embed Pods Frameworks */,
			);
			buildRules = (
			);
			dependencies = (
				76C6B66023EE199700AD279B /* PBXTargetDependency */,
			);
			name = EyletUITests;
			productName = EyletUITests;
			productReference = 76C6B65E23EE199700AD279B /* EyletUITests.xctest */;
			productType = "com.apple.product-type.bundle.ui-testing";
		};
/* End PBXNativeTarget section */

/* Begin PBXProject section */
		76C6B63523EE199100AD279B /* Project object */ = {
			isa = PBXProject;
			attributes = {
				LastSwiftUpdateCheck = 1130;
				LastUpgradeCheck = 1130;
				ORGANIZATIONNAME = Temporary;
				TargetAttributes = {
					76C6B63C23EE199100AD279B = {
						CreatedOnToolsVersion = 11.3.1;
					};
					76C6B65223EE199700AD279B = {
						CreatedOnToolsVersion = 11.3.1;
						TestTargetID = 76C6B63C23EE199100AD279B;
					};
					76C6B65D23EE199700AD279B = {
						CreatedOnToolsVersion = 11.3.1;
						TestTargetID = 76C6B63C23EE199100AD279B;
					};
				};
			};
			buildConfigurationList = 76C6B63823EE199100AD279B /* Build configuration list for PBXProject "Eylet" */;
			compatibilityVersion = "Xcode 9.3";
			developmentRegion = en;
			hasScannedForEncodings = 0;
			knownRegions = (
				en,
				Base,
			);
			mainGroup = 76C6B63423EE199100AD279B;
			productRefGroup = 76C6B63E23EE199100AD279B /* Products */;
			projectDirPath = "";
			projectRoot = "";
			targets = (
				76C6B63C23EE199100AD279B /* Eylet */,
				76C6B65223EE199700AD279B /* EyletTests */,
				76C6B65D23EE199700AD279B /* EyletUITests */,
			);
		};
/* End PBXProject section */

/* Begin PBXResourcesBuildPhase section */
		76C6B63B23EE199100AD279B /* Resources */ = {
			isa = PBXResourcesBuildPhase;
			buildActionMask = 2147483647;
			files = (
				76C6B64D23EE199700AD279B /* LaunchScreen.storyboard in Resources */,
				76C6B64A23EE199700AD279B /* Assets.xcassets in Resources */,
				76C6B64823EE199100AD279B /* Main.storyboard in Resources */,
			);
			runOnlyForDeploymentPostprocessing = 0;
		};
		76C6B65123EE199700AD279B /* Resources */ = {
			isa = PBXResourcesBuildPhase;
			buildActionMask = 2147483647;
			files = (
			);
			runOnlyForDeploymentPostprocessing = 0;
		};
		76C6B65C23EE199700AD279B /* Resources */ = {
			isa = PBXResourcesBuildPhase;
			buildActionMask = 2147483647;
			files = (
			);
			runOnlyForDeploymentPostprocessing = 0;
		};
/* End PBXResourcesBuildPhase section */

/* Begin PBXShellScriptBuildPhase section */
		40D8658231329C04A5C6F992 /* [CP] Embed Pods Frameworks */ = {
			isa = PBXShellScriptBuildPhase;
			buildActionMask = 2147483647;
			files = (
			);
			inputFileListPaths = (
				"${PODS_ROOT}/Target Support Files/Pods-Eylet/Pods-Eylet-frameworks-${CONFIGURATION}-input-files.xcfilelist",
			);
			name = "[CP] Embed Pods Frameworks";
			outputFileListPaths = (
				"${PODS_ROOT}/Target Support Files/Pods-Eylet/Pods-Eylet-frameworks-${CONFIGURATION}-output-files.xcfilelist",
			);
			runOnlyForDeploymentPostprocessing = 0;
			shellPath = /bin/sh;
			shellScript = "\"${PODS_ROOT}/Target Support Files/Pods-Eylet/Pods-Eylet-frameworks.sh\"\n";
			showEnvVarsInLog = 0;
		};
		780BA3C3746D7DB4D4C5C4CB /* [CP] Embed Pods Frameworks */ = {
			isa = PBXShellScriptBuildPhase;
			buildActionMask = 2147483647;
			files = (
			);
			inputFileListPaths = (
				"${PODS_ROOT}/Target Support Files/Pods-Eylet-EyletUITests/Pods-Eylet-EyletUITests-frameworks-${CONFIGURATION}-input-files.xcfilelist",
			);
			name = "[CP] Embed Pods Frameworks";
			outputFileListPaths = (
				"${PODS_ROOT}/Target Support Files/Pods-Eylet-EyletUITests/Pods-Eylet-EyletUITests-frameworks-${CONFIGURATION}-output-files.xcfilelist",
			);
			runOnlyForDeploymentPostprocessing = 0;
			shellPath = /bin/sh;
			shellScript = "\"${PODS_ROOT}/Target Support Files/Pods-Eylet-EyletUITests/Pods-Eylet-EyletUITests-frameworks.sh\"\n";
			showEnvVarsInLog = 0;
		};
		9743A2C8B564765ADFA776B5 /* [CP] Check Pods Manifest.lock */ = {
			isa = PBXShellScriptBuildPhase;
			buildActionMask = 2147483647;
			files = (
			);
			inputFileListPaths = (
			);
			inputPaths = (
				"${PODS_PODFILE_DIR_PATH}/Podfile.lock",
				"${PODS_ROOT}/Manifest.lock",
			);
			name = "[CP] Check Pods Manifest.lock";
			outputFileListPaths = (
			);
			outputPaths = (
				"$(DERIVED_FILE_DIR)/Pods-EyletTests-checkManifestLockResult.txt",
			);
			runOnlyForDeploymentPostprocessing = 0;
			shellPath = /bin/sh;
			shellScript = "diff \"${PODS_PODFILE_DIR_PATH}/Podfile.lock\" \"${PODS_ROOT}/Manifest.lock\" > /dev/null\nif [ $? != 0 ] ; then\n    # print error to STDERR\n    echo \"error: The sandbox is not in sync with the Podfile.lock. Run 'pod install' or update your CocoaPods installation.\" >&2\n    exit 1\nfi\n# This output is used by Xcode 'outputs' to avoid re-running this script phase.\necho \"SUCCESS\" > \"${SCRIPT_OUTPUT_FILE_0}\"\n";
			showEnvVarsInLog = 0;
		};
		9DCB1FDB46C1993C1CB6D799 /* [CP] Check Pods Manifest.lock */ = {
			isa = PBXShellScriptBuildPhase;
			buildActionMask = 2147483647;
			files = (
			);
			inputFileListPaths = (
			);
			inputPaths = (
				"${PODS_PODFILE_DIR_PATH}/Podfile.lock",
				"${PODS_ROOT}/Manifest.lock",
			);
			name = "[CP] Check Pods Manifest.lock";
			outputFileListPaths = (
			);
			outputPaths = (
				"$(DERIVED_FILE_DIR)/Pods-Eylet-checkManifestLockResult.txt",
			);
			runOnlyForDeploymentPostprocessing = 0;
			shellPath = /bin/sh;
			shellScript = "diff \"${PODS_PODFILE_DIR_PATH}/Podfile.lock\" \"${PODS_ROOT}/Manifest.lock\" > /dev/null\nif [ $? != 0 ] ; then\n    # print error to STDERR\n    echo \"error: The sandbox is not in sync with the Podfile.lock. Run 'pod install' or update your CocoaPods installation.\" >&2\n    exit 1\nfi\n# This output is used by Xcode 'outputs' to avoid re-running this script phase.\necho \"SUCCESS\" > \"${SCRIPT_OUTPUT_FILE_0}\"\n";
			showEnvVarsInLog = 0;
		};
		FAE9E7A5473626B643C3C343 /* [CP] Check Pods Manifest.lock */ = {
			isa = PBXShellScriptBuildPhase;
			buildActionMask = 2147483647;
			files = (
			);
			inputFileListPaths = (
			);
			inputPaths = (
				"${PODS_PODFILE_DIR_PATH}/Podfile.lock",
				"${PODS_ROOT}/Manifest.lock",
			);
			name = "[CP] Check Pods Manifest.lock";
			outputFileListPaths = (
			);
			outputPaths = (
				"$(DERIVED_FILE_DIR)/Pods-Eylet-EyletUITests-checkManifestLockResult.txt",
			);
			runOnlyForDeploymentPostprocessing = 0;
			shellPath = /bin/sh;
			shellScript = "diff \"${PODS_PODFILE_DIR_PATH}/Podfile.lock\" \"${PODS_ROOT}/Manifest.lock\" > /dev/null\nif [ $? != 0 ] ; then\n    # print error to STDERR\n    echo \"error: The sandbox is not in sync with the Podfile.lock. Run 'pod install' or update your CocoaPods installation.\" >&2\n    exit 1\nfi\n# This output is used by Xcode 'outputs' to avoid re-running this script phase.\necho \"SUCCESS\" > \"${SCRIPT_OUTPUT_FILE_0}\"\n";
			showEnvVarsInLog = 0;
		};
/* End PBXShellScriptBuildPhase section */

/* Begin PBXSourcesBuildPhase section */
		76C6B63923EE199100AD279B /* Sources */ = {
			isa = PBXSourcesBuildPhase;
			buildActionMask = 2147483647;
			files = (
				76C6B64523EE199100AD279B /* ViewController.swift in Sources */,
				76C6B64123EE199100AD279B /* AppDelegate.swift in Sources */,
				76D08E51240199B800529F93 /* CommonFunctions.swift in Sources */,
				76C6B67C23EF392500AD279B /* StackContainterView.swift in Sources */,
				76C3DE35241C1675001F24C9 /* LikedViewController.swift in Sources */,
				76C6B64323EE199100AD279B /* SceneDelegate.swift in Sources */,
				76C3DE37241C23B2001F24C9 /* TableViewCell.swift in Sources */,
				76C6B67623EF38E000AD279B /* CardsDataModel.swift in Sources */,
				76C3DE33241C1220001F24C9 /* ProfileViewController.swift in Sources */,
				76C6B67223EF389900AD279B /* SwipCardsDataSource.swift in Sources */,
				76C6B67A23EF391400AD279B /* SwipeCardView.swift in Sources */,
			);
			runOnlyForDeploymentPostprocessing = 0;
		};
		76C6B64F23EE199700AD279B /* Sources */ = {
			isa = PBXSourcesBuildPhase;
			buildActionMask = 2147483647;
			files = (
				76C6B65823EE199700AD279B /* EyletTests.swift in Sources */,
			);
			runOnlyForDeploymentPostprocessing = 0;
		};
		76C6B65A23EE199700AD279B /* Sources */ = {
			isa = PBXSourcesBuildPhase;
			buildActionMask = 2147483647;
			files = (
				76C6B66323EE199700AD279B /* EyletUITests.swift in Sources */,
			);
			runOnlyForDeploymentPostprocessing = 0;
		};
/* End PBXSourcesBuildPhase section */

/* Begin PBXTargetDependency section */
		76C6B65523EE199700AD279B /* PBXTargetDependency */ = {
			isa = PBXTargetDependency;
			target = 76C6B63C23EE199100AD279B /* Eylet */;
			targetProxy = 76C6B65423EE199700AD279B /* PBXContainerItemProxy */;
		};
		76C6B66023EE199700AD279B /* PBXTargetDependency */ = {
			isa = PBXTargetDependency;
			target = 76C6B63C23EE199100AD279B /* Eylet */;
			targetProxy = 76C6B65F23EE199700AD279B /* PBXContainerItemProxy */;
		};
/* End PBXTargetDependency section */

/* Begin PBXVariantGroup section */
		76C6B64623EE199100AD279B /* Main.storyboard */ = {
			isa = PBXVariantGroup;
			children = (
				76C6B64723EE199100AD279B /* Base */,
			);
			name = Main.storyboard;
			sourceTree = "<group>";
		};
		76C6B64B23EE199700AD279B /* LaunchScreen.storyboard */ = {
			isa = PBXVariantGroup;
			children = (
				76C6B64C23EE199700AD279B /* Base */,
			);
			name = LaunchScreen.storyboard;
			sourceTree = "<group>";
		};
/* End PBXVariantGroup section */

/* Begin XCBuildConfiguration section */
		76C6B66523EE199700AD279B /* Debug */ = {
			isa = XCBuildConfiguration;
			buildSettings = {
				ALWAYS_SEARCH_USER_PATHS = NO;
				CLANG_ANALYZER_NONNULL = YES;
				CLANG_ANALYZER_NUMBER_OBJECT_CONVERSION = YES_AGGRESSIVE;
				CLANG_CXX_LANGUAGE_STANDARD = "gnu++14";
				CLANG_CXX_LIBRARY = "libc++";
				CLANG_ENABLE_MODULES = YES;
				CLANG_ENABLE_OBJC_ARC = YES;
				CLANG_ENABLE_OBJC_WEAK = YES;
				CLANG_WARN_BLOCK_CAPTURE_AUTORELEASING = YES;
				CLANG_WARN_BOOL_CONVERSION = YES;
				CLANG_WARN_COMMA = YES;
				CLANG_WARN_CONSTANT_CONVERSION = YES;
				CLANG_WARN_DEPRECATED_OBJC_IMPLEMENTATIONS = YES;
				CLANG_WARN_DIRECT_OBJC_ISA_USAGE = YES_ERROR;
				CLANG_WARN_DOCUMENTATION_COMMENTS = YES;
				CLANG_WARN_EMPTY_BODY = YES;
				CLANG_WARN_ENUM_CONVERSION = YES;
				CLANG_WARN_INFINITE_RECURSION = YES;
				CLANG_WARN_INT_CONVERSION = YES;
				CLANG_WARN_NON_LITERAL_NULL_CONVERSION = YES;
				CLANG_WARN_OBJC_IMPLICIT_RETAIN_SELF = YES;
				CLANG_WARN_OBJC_LITERAL_CONVERSION = YES;
				CLANG_WARN_OBJC_ROOT_CLASS = YES_ERROR;
				CLANG_WARN_RANGE_LOOP_ANALYSIS = YES;
				CLANG_WARN_STRICT_PROTOTYPES = YES;
				CLANG_WARN_SUSPICIOUS_MOVE = YES;
				CLANG_WARN_UNGUARDED_AVAILABILITY = YES_AGGRESSIVE;
				CLANG_WARN_UNREACHABLE_CODE = YES;
				CLANG_WARN__DUPLICATE_METHOD_MATCH = YES;
				COPY_PHASE_STRIP = NO;
				DEBUG_INFORMATION_FORMAT = dwarf;
				ENABLE_STRICT_OBJC_MSGSEND = YES;
				ENABLE_TESTABILITY = YES;
				GCC_C_LANGUAGE_STANDARD = gnu11;
				GCC_DYNAMIC_NO_PIC = NO;
				GCC_NO_COMMON_BLOCKS = YES;
				GCC_OPTIMIZATION_LEVEL = 0;
				GCC_PREPROCESSOR_DEFINITIONS = (
					"DEBUG=1",
					"$(inherited)",
				);
				GCC_WARN_64_TO_32_BIT_CONVERSION = YES;
				GCC_WARN_ABOUT_RETURN_TYPE = YES_ERROR;
				GCC_WARN_UNDECLARED_SELECTOR = YES;
				GCC_WARN_UNINITIALIZED_AUTOS = YES_AGGRESSIVE;
				GCC_WARN_UNUSED_FUNCTION = YES;
				GCC_WARN_UNUSED_VARIABLE = YES;
				IPHONEOS_DEPLOYMENT_TARGET = 13.2;
				MTL_ENABLE_DEBUG_INFO = INCLUDE_SOURCE;
				MTL_FAST_MATH = YES;
				ONLY_ACTIVE_ARCH = YES;
				SDKROOT = iphoneos;
				SWIFT_ACTIVE_COMPILATION_CONDITIONS = DEBUG;
				SWIFT_OPTIMIZATION_LEVEL = "-Onone";
			};
			name = Debug;
		};
		76C6B66623EE199700AD279B /* Release */ = {
			isa = XCBuildConfiguration;
			buildSettings = {
				ALWAYS_SEARCH_USER_PATHS = NO;
				CLANG_ANALYZER_NONNULL = YES;
				CLANG_ANALYZER_NUMBER_OBJECT_CONVERSION = YES_AGGRESSIVE;
				CLANG_CXX_LANGUAGE_STANDARD = "gnu++14";
				CLANG_CXX_LIBRARY = "libc++";
				CLANG_ENABLE_MODULES = YES;
				CLANG_ENABLE_OBJC_ARC = YES;
				CLANG_ENABLE_OBJC_WEAK = YES;
				CLANG_WARN_BLOCK_CAPTURE_AUTORELEASING = YES;
				CLANG_WARN_BOOL_CONVERSION = YES;
				CLANG_WARN_COMMA = YES;
				CLANG_WARN_CONSTANT_CONVERSION = YES;
				CLANG_WARN_DEPRECATED_OBJC_IMPLEMENTATIONS = YES;
				CLANG_WARN_DIRECT_OBJC_ISA_USAGE = YES_ERROR;
				CLANG_WARN_DOCUMENTATION_COMMENTS = YES;
				CLANG_WARN_EMPTY_BODY = YES;
				CLANG_WARN_ENUM_CONVERSION = YES;
				CLANG_WARN_INFINITE_RECURSION = YES;
				CLANG_WARN_INT_CONVERSION = YES;
				CLANG_WARN_NON_LITERAL_NULL_CONVERSION = YES;
				CLANG_WARN_OBJC_IMPLICIT_RETAIN_SELF = YES;
				CLANG_WARN_OBJC_LITERAL_CONVERSION = YES;
				CLANG_WARN_OBJC_ROOT_CLASS = YES_ERROR;
				CLANG_WARN_RANGE_LOOP_ANALYSIS = YES;
				CLANG_WARN_STRICT_PROTOTYPES = YES;
				CLANG_WARN_SUSPICIOUS_MOVE = YES;
				CLANG_WARN_UNGUARDED_AVAILABILITY = YES_AGGRESSIVE;
				CLANG_WARN_UNREACHABLE_CODE = YES;
				CLANG_WARN__DUPLICATE_METHOD_MATCH = YES;
				COPY_PHASE_STRIP = NO;
				DEBUG_INFORMATION_FORMAT = "dwarf-with-dsym";
				ENABLE_NS_ASSERTIONS = NO;
				ENABLE_STRICT_OBJC_MSGSEND = YES;
				GCC_C_LANGUAGE_STANDARD = gnu11;
				GCC_NO_COMMON_BLOCKS = YES;
				GCC_WARN_64_TO_32_BIT_CONVERSION = YES;
				GCC_WARN_ABOUT_RETURN_TYPE = YES_ERROR;
				GCC_WARN_UNDECLARED_SELECTOR = YES;
				GCC_WARN_UNINITIALIZED_AUTOS = YES_AGGRESSIVE;
				GCC_WARN_UNUSED_FUNCTION = YES;
				GCC_WARN_UNUSED_VARIABLE = YES;
				IPHONEOS_DEPLOYMENT_TARGET = 13.2;
				MTL_ENABLE_DEBUG_INFO = NO;
				MTL_FAST_MATH = YES;
				SDKROOT = iphoneos;
				SWIFT_COMPILATION_MODE = wholemodule;
				SWIFT_OPTIMIZATION_LEVEL = "-O";
				VALIDATE_PRODUCT = YES;
			};
			name = Release;
		};
		76C6B66823EE199700AD279B /* Debug */ = {
			isa = XCBuildConfiguration;
			baseConfigurationReference = 991A49E4476EF36E6425D9C3 /* Pods-Eylet.debug.xcconfig */;
			buildSettings = {
				ASSETCATALOG_COMPILER_APPICON_NAME = AppIcon;
				CODE_SIGN_STYLE = Automatic;
				DEVELOPMENT_TEAM = CMGKJSD9NW;
				INFOPLIST_FILE = Eylet/Info.plist;
				LD_RUNPATH_SEARCH_PATHS = (
					"$(inherited)",
					"@executable_path/Frameworks",
				);
				PRODUCT_BUNDLE_IDENTIFIER = com.shaburov.malinaproject.Eylet;
				PRODUCT_NAME = "$(TARGET_NAME)";
				SWIFT_VERSION = 5.0;
				TARGETED_DEVICE_FAMILY = "1,2";
			};
			name = Debug;
		};
		76C6B66923EE199700AD279B /* Release */ = {
			isa = XCBuildConfiguration;
			baseConfigurationReference = 36F859806D66F55269165AE0 /* Pods-Eylet.release.xcconfig */;
			buildSettings = {
				ASSETCATALOG_COMPILER_APPICON_NAME = AppIcon;
				CODE_SIGN_STYLE = Automatic;
				DEVELOPMENT_TEAM = CMGKJSD9NW;
				INFOPLIST_FILE = Eylet/Info.plist;
				LD_RUNPATH_SEARCH_PATHS = (
					"$(inherited)",
					"@executable_path/Frameworks",
				);
				PRODUCT_BUNDLE_IDENTIFIER = com.shaburov.malinaproject.Eylet;
				PRODUCT_NAME = "$(TARGET_NAME)";
				SWIFT_VERSION = 5.0;
				TARGETED_DEVICE_FAMILY = "1,2";
			};
			name = Release;
		};
		76C6B66B23EE199700AD279B /* Debug */ = {
			isa = XCBuildConfiguration;
			baseConfigurationReference = 39C1CC4C9F25CD21A60C1C4A /* Pods-EyletTests.debug.xcconfig */;
			buildSettings = {
				ALWAYS_EMBED_SWIFT_STANDARD_LIBRARIES = YES;
				BUNDLE_LOADER = "$(TEST_HOST)";
				CODE_SIGN_STYLE = Automatic;
				DEVELOPMENT_TEAM = CMGKJSD9NW;
				INFOPLIST_FILE = EyletTests/Info.plist;
				IPHONEOS_DEPLOYMENT_TARGET = 13.2;
				LD_RUNPATH_SEARCH_PATHS = (
					"$(inherited)",
					"@executable_path/Frameworks",
					"@loader_path/Frameworks",
				);
				PRODUCT_BUNDLE_IDENTIFIER = com.shaburov.malinaproject.EyletTests;
				PRODUCT_NAME = "$(TARGET_NAME)";
				SWIFT_VERSION = 5.0;
				TARGETED_DEVICE_FAMILY = "1,2";
				TEST_HOST = "$(BUILT_PRODUCTS_DIR)/Eylet.app/Eylet";
			};
			name = Debug;
		};
		76C6B66C23EE199700AD279B /* Release */ = {
			isa = XCBuildConfiguration;
			baseConfigurationReference = 565477E794FD24518B285EC1 /* Pods-EyletTests.release.xcconfig */;
			buildSettings = {
				ALWAYS_EMBED_SWIFT_STANDARD_LIBRARIES = YES;
				BUNDLE_LOADER = "$(TEST_HOST)";
				CODE_SIGN_STYLE = Automatic;
				DEVELOPMENT_TEAM = CMGKJSD9NW;
				INFOPLIST_FILE = EyletTests/Info.plist;
				IPHONEOS_DEPLOYMENT_TARGET = 13.2;
				LD_RUNPATH_SEARCH_PATHS = (
					"$(inherited)",
					"@executable_path/Frameworks",
					"@loader_path/Frameworks",
				);
				PRODUCT_BUNDLE_IDENTIFIER = com.shaburov.malinaproject.EyletTests;
				PRODUCT_NAME = "$(TARGET_NAME)";
				SWIFT_VERSION = 5.0;
				TARGETED_DEVICE_FAMILY = "1,2";
				TEST_HOST = "$(BUILT_PRODUCTS_DIR)/Eylet.app/Eylet";
			};
			name = Release;
		};
		76C6B66E23EE199700AD279B /* Debug */ = {
			isa = XCBuildConfiguration;
			baseConfigurationReference = A4C1E201CA8E5189E0F36247 /* Pods-Eylet-EyletUITests.debug.xcconfig */;
			buildSettings = {
				ALWAYS_EMBED_SWIFT_STANDARD_LIBRARIES = YES;
				CODE_SIGN_STYLE = Automatic;
				DEVELOPMENT_TEAM = CMGKJSD9NW;
				INFOPLIST_FILE = EyletUITests/Info.plist;
				LD_RUNPATH_SEARCH_PATHS = (
					"$(inherited)",
					"@executable_path/Frameworks",
					"@loader_path/Frameworks",
				);
				PRODUCT_BUNDLE_IDENTIFIER = com.shaburov.malinaproject.EyletUITests;
				PRODUCT_NAME = "$(TARGET_NAME)";
				SWIFT_VERSION = 5.0;
				TARGETED_DEVICE_FAMILY = "1,2";
				TEST_TARGET_NAME = Eylet;
			};
			name = Debug;
		};
		76C6B66F23EE199700AD279B /* Release */ = {
			isa = XCBuildConfiguration;
			baseConfigurationReference = 01B2E62F71284F891315EE42 /* Pods-Eylet-EyletUITests.release.xcconfig */;
			buildSettings = {
				ALWAYS_EMBED_SWIFT_STANDARD_LIBRARIES = YES;
				CODE_SIGN_STYLE = Automatic;
				DEVELOPMENT_TEAM = CMGKJSD9NW;
				INFOPLIST_FILE = EyletUITests/Info.plist;
				LD_RUNPATH_SEARCH_PATHS = (
					"$(inherited)",
					"@executable_path/Frameworks",
					"@loader_path/Frameworks",
				);
				PRODUCT_BUNDLE_IDENTIFIER = com.shaburov.malinaproject.EyletUITests;
				PRODUCT_NAME = "$(TARGET_NAME)";
				SWIFT_VERSION = 5.0;
				TARGETED_DEVICE_FAMILY = "1,2";
				TEST_TARGET_NAME = Eylet;
			};
			name = Release;
		};
/* End XCBuildConfiguration section */

/* Begin XCConfigurationList section */
		76C6B63823EE199100AD279B /* Build configuration list for PBXProject "Eylet" */ = {
			isa = XCConfigurationList;
			buildConfigurations = (
				76C6B66523EE199700AD279B /* Debug */,
				76C6B66623EE199700AD279B /* Release */,
			);
			defaultConfigurationIsVisible = 0;
			defaultConfigurationName = Release;
		};
		76C6B66723EE199700AD279B /* Build configuration list for PBXNativeTarget "Eylet" */ = {
			isa = XCConfigurationList;
			buildConfigurations = (
				76C6B66823EE199700AD279B /* Debug */,
				76C6B66923EE199700AD279B /* Release */,
			);
			defaultConfigurationIsVisible = 0;
			defaultConfigurationName = Release;
		};
		76C6B66A23EE199700AD279B /* Build configuration list for PBXNativeTarget "EyletTests" */ = {
			isa = XCConfigurationList;
			buildConfigurations = (
				76C6B66B23EE199700AD279B /* Debug */,
				76C6B66C23EE199700AD279B /* Release */,
			);
			defaultConfigurationIsVisible = 0;
			defaultConfigurationName = Release;
		};
		76C6B66D23EE199700AD279B /* Build configuration list for PBXNativeTarget "EyletUITests" */ = {
			isa = XCConfigurationList;
			buildConfigurations = (
				76C6B66E23EE199700AD279B /* Debug */,
				76C6B66F23EE199700AD279B /* Release */,
			);
			defaultConfigurationIsVisible = 0;
			defaultConfigurationName = Release;
		};
/* End XCConfigurationList section */
	};
	rootObject = 76C6B63523EE199100AD279B /* Project object */;
}
